{
    __meta__ = {
        version = "1.0"
    },
    ["windows|x64"] = {
        ["cmake#31fecfc4"] = {
            repo = {
                branch = "master",
                commit = "da016bf271a4a37cd9e89cf772b0d3d730767843",
                url = "https://gitlab.com/tboox/xmake-repo.git"
            },
            version = "4.0.2"
        },
        ["commonlib-shared ce4414f593ae9c0c084c5b44e4be8620630e5921#0defcfe0"] = {
            repo = {
                commit = "47eca6ffcb79208b9f757df369b2ddad322aac16",
                url = "https://github.com/libxse/libxse-xrepo"
            },
            version = "ce4414f5"
        },
        ["spdlog#9c36f0a9"] = {
            repo = {
                branch = "master",
                commit = "da016bf271a4a37cd9e89cf772b0d3d730767843",
                url = "https://gitlab.com/tboox/xmake-repo.git"
            },
            version = "v1.15.3"
        }
    }
}